
Microsoft Visual Studio Solution File, Format Version 12.00
# Visual Studio Version 17
VisualStudioVersion = 17.14.36414.22
MinimumVisualStudioVersion = 10.0.40219.1
Project("{2150E333-8FDC-42A3-9474-1A3956D46DE8}") = "Task0", "Task0", "{02EA681E-C7D8-13C7-8484-4AC65E1B71E8}"
EndProject
Project("{FAE04EC0-301F-11D3-BF4B-00C04F79EFBC}") = "Tyuiu.IvanovIA.Sprint2.Task0.V24", "Tyuiu.IvanovIA.Sprint2.Task0.V24\Tyuiu.IvanovIA.Sprint2.Task0.V24.csproj", "{B97B4793-A17B-489E-8913-CF9D50214F4C}"
EndProject
Project("{FAE04EC0-301F-11D3-BF4B-00C04F79EFBC}") = "Tyuiu.IvanovIA.Sprint2.Task0.V24.Lib", "Tyuiu.IvanovIA.Sprint2.Task0.V24.Lib\Tyuiu.IvanovIA.Sprint2.Task0.V24.Lib.csproj", "{EB14630B-1E4C-4B25-8DE6-06CCB6AF1144}"
EndProject
Project("{FAE04EC0-301F-11D3-BF4B-00C04F79EFBC}") = "Tyuiu.IvanovIA.Sprint2.Task0.V24.Test", "Tyuiu.IvanovIA.Sprint2.Task0.V24.Test\Tyuiu.IvanovIA.Sprint2.Task0.V24.Test.csproj", "{CB3779C0-07C2-4569-968B-1CBCCC27F112}"
EndProject
Project("{2150E333-8FDC-42A3-9474-1A3956D46DE8}") = "Task1", "Task1", "{BD197CC9-5400-429A-8F8D-30427C9BA62C}"
EndProject
Project("{FAE04EC0-301F-11D3-BF4B-00C04F79EFBC}") = "Tyuiu.IvanovIA.Sprint2.Task1.V11", "Tyuiu.IvanovIA.Sprint2.Task1.V11\Tyuiu.IvanovIA.Sprint2.Task1.V11.csproj", "{9801B8AA-D6FF-412F-A182-DCFCBAD03E44}"
EndProject
Project("{FAE04EC0-301F-11D3-BF4B-00C04F79EFBC}") = "Tyuiu.IvanovIA.Sprint2.Task1.V11.Test", "Tyuiu.IvanovIA.Sprint2.Task1.V11.Test\Tyuiu.IvanovIA.Sprint2.Task1.V11.Test.csproj", "{89DA48E8-C8E9-40F4-8A29-30272049C5F6}"
EndProject
Project("{FAE04EC0-301F-11D3-BF4B-00C04F79EFBC}") = "Tyuiu.IvanovIA.Sprint2.Task1.V11.Lib", "Tyuiu.IvanovIA.Sprint2.Task1.V11.Lib\Tyuiu.IvanovIA.Sprint2.Task1.V11.Lib.csproj", "{8F37963F-D3B9-441F-BA7F-6E1F3C40FAFA}"
EndProject
Project("{2150E333-8FDC-42A3-9474-1A3956D46DE8}") = "Task2", "Task2", "{6933F64F-9E4E-4497-BF24-AEA9D69FD62F}"
EndProject
Project("{FAE04EC0-301F-11D3-BF4B-00C04F79EFBC}") = "Tyuiu.IvanovIA.Sprint2.Task2.V2", "Tyuiu.IvanovIA.Sprint2.Task2.V2\Tyuiu.IvanovIA.Sprint2.Task2.V2.csproj", "{8471AE18-8F8A-442B-9768-65D1208775EE}"
EndProject
Project("{FAE04EC0-301F-11D3-BF4B-00C04F79EFBC}") = "Tyuiu.IvanovIA.Sprint2.Task2.V2.Lib", "Tyuiu.IvanovIA.Sprint2.Task2.V2.Lib\Tyuiu.IvanovIA.Sprint2.Task2.V2.Lib.csproj", "{1DAB5E1A-1281-4F7F-A903-146788A24302}"
EndProject
Project("{FAE04EC0-301F-11D3-BF4B-00C04F79EFBC}") = "Tyuiu.IvanovIA.Sprint2.Task2.V2.Test", "Tyuiu.IvanovIA.Sprint2.Task2.V2.Test\Tyuiu.IvanovIA.Sprint2.Task2.V2.Test.csproj", "{4E756FF8-9C94-4999-9847-81310EECBBA6}"
EndProject
Project("{2150E333-8FDC-42A3-9474-1A3956D46DE8}") = "Task3", "Task3", "{879C133D-AE09-40EB-ABCF-2A8A666A3D30}"
EndProject
Project("{FAE04EC0-301F-11D3-BF4B-00C04F79EFBC}") = "Tyuiu.IvanovIA.Sprint2.Task3.V15", "Tyuiu.IvanovIA.Sprint2.Task3.V15\Tyuiu.IvanovIA.Sprint2.Task3.V15.csproj", "{22F5C48E-429C-4D7F-9A28-FEB1534CD392}"
EndProject
Project("{FAE04EC0-301F-11D3-BF4B-00C04F79EFBC}") = "Tyuiu.IvanovIA.Sprint2.Task3.V15.Lib", "Tyuiu.IvanovIA.Sprint2.Task3.V15.Lib\Tyuiu.IvanovIA.Sprint2.Task3.V15.Lib.csproj", "{25D99482-60E9-4EC2-92B0-403B24AAEB01}"
EndProject
Project("{FAE04EC0-301F-11D3-BF4B-00C04F79EFBC}") = "Tyuiu.IvanovIA.Sprint2.Task3.V15.Test", "Tyuiu.IvanovIA.Sprint2.Task3.V15.Test\Tyuiu.IvanovIA.Sprint2.Task3.V15.Test.csproj", "{AD6409E3-005C-41E0-B193-818CD52D8E01}"
EndProject
Global
	GlobalSection(SolutionConfigurationPlatforms) = preSolution
		Debug|Any CPU = Debug|Any CPU
		Release|Any CPU = Release|Any CPU
	EndGlobalSection
	GlobalSection(ProjectConfigurationPlatforms) = postSolution
		{B97B4793-A17B-489E-8913-CF9D50214F4C}.Debug|Any CPU.ActiveCfg = Debug|Any CPU
		{B97B4793-A17B-489E-8913-CF9D50214F4C}.Debug|Any CPU.Build.0 = Debug|Any CPU
		{B97B4793-A17B-489E-8913-CF9D50214F4C}.Release|Any CPU.ActiveCfg = Release|Any CPU
		{B97B4793-A17B-489E-8913-CF9D50214F4C}.Release|Any CPU.Build.0 = Release|Any CPU
		{EB14630B-1E4C-4B25-8DE6-06CCB6AF1144}.Debug|Any CPU.ActiveCfg = Debug|Any CPU
		{EB14630B-1E4C-4B25-8DE6-06CCB6AF1144}.Debug|Any CPU.Build.0 = Debug|Any CPU
		{EB14630B-1E4C-4B25-8DE6-06CCB6AF1144}.Release|Any CPU.ActiveCfg = Release|Any CPU
		{EB14630B-1E4C-4B25-8DE6-06CCB6AF1144}.Release|Any CPU.Build.0 = Release|Any CPU
		{CB3779C0-07C2-4569-968B-1CBCCC27F112}.Debug|Any CPU.ActiveCfg = Debug|Any CPU
		{CB3779C0-07C2-4569-968B-1CBCCC27F112}.Debug|Any CPU.Build.0 = Debug|Any CPU
		{CB3779C0-07C2-4569-968B-1CBCCC27F112}.Release|Any CPU.ActiveCfg = Release|Any CPU
		{CB3779C0-07C2-4569-968B-1CBCCC27F112}.Release|Any CPU.Build.0 = Release|Any CPU
		{9801B8AA-D6FF-412F-A182-DCFCBAD03E44}.Debug|Any CPU.ActiveCfg = Debug|Any CPU
		{9801B8AA-D6FF-412F-A182-DCFCBAD03E44}.Debug|Any CPU.Build.0 = Debug|Any CPU
		{9801B8AA-D6FF-412F-A182-DCFCBAD03E44}.Release|Any CPU.ActiveCfg = Release|Any CPU
		{9801B8AA-D6FF-412F-A182-DCFCBAD03E44}.Release|Any CPU.Build.0 = Release|Any CPU
		{89DA48E8-C8E9-40F4-8A29-30272049C5F6}.Debug|Any CPU.ActiveCfg = Debug|Any CPU
		{89DA48E8-C8E9-40F4-8A29-30272049C5F6}.Debug|Any CPU.Build.0 = Debug|Any CPU
		{89DA48E8-C8E9-40F4-8A29-30272049C5F6}.Release|Any CPU.ActiveCfg = Release|Any CPU
		{89DA48E8-C8E9-40F4-8A29-30272049C5F6}.Release|Any CPU.Build.0 = Release|Any CPU
		{8F37963F-D3B9-441F-BA7F-6E1F3C40FAFA}.Debug|Any CPU.ActiveCfg = Debug|Any CPU
		{8F37963F-D3B9-441F-BA7F-6E1F3C40FAFA}.Debug|Any CPU.Build.0 = Debug|Any CPU
		{8F37963F-D3B9-441F-BA7F-6E1F3C40FAFA}.Release|Any CPU.ActiveCfg = Release|Any CPU
		{8F37963F-D3B9-441F-BA7F-6E1F3C40FAFA}.Release|Any CPU.Build.0 = Release|Any CPU
		{8471AE18-8F8A-442B-9768-65D1208775EE}.Debug|Any CPU.ActiveCfg = Debug|Any CPU
		{8471AE18-8F8A-442B-9768-65D1208775EE}.Debug|Any CPU.Build.0 = Debug|Any CPU
		{8471AE18-8F8A-442B-9768-65D1208775EE}.Release|Any CPU.ActiveCfg = Release|Any CPU
		{8471AE18-8F8A-442B-9768-65D1208775EE}.Release|Any CPU.Build.0 = Release|Any CPU
		{1DAB5E1A-1281-4F7F-A903-146788A24302}.Debug|Any CPU.ActiveCfg = Debug|Any CPU
		{1DAB5E1A-1281-4F7F-A903-146788A24302}.Debug|Any CPU.Build.0 = Debug|Any CPU
		{1DAB5E1A-1281-4F7F-A903-146788A24302}.Release|Any CPU.ActiveCfg = Release|Any CPU
		{1DAB5E1A-1281-4F7F-A903-146788A24302}.Release|Any CPU.Build.0 = Release|Any CPU
		{4E756FF8-9C94-4999-9847-81310EECBBA6}.Debug|Any CPU.ActiveCfg = Debug|Any CPU
		{4E756FF8-9C94-4999-9847-81310EECBBA6}.Debug|Any CPU.Build.0 = Debug|Any CPU
		{4E756FF8-9C94-4999-9847-81310EECBBA6}.Release|Any CPU.ActiveCfg = Release|Any CPU
		{4E756FF8-9C94-4999-9847-81310EECBBA6}.Release|Any CPU.Build.0 = Release|Any CPU
		{22F5C48E-429C-4D7F-9A28-FEB1534CD392}.Debug|Any CPU.ActiveCfg = Debug|Any CPU
		{22F5C48E-429C-4D7F-9A28-FEB1534CD392}.Debug|Any CPU.Build.0 = Debug|Any CPU
		{22F5C48E-429C-4D7F-9A28-FEB1534CD392}.Release|Any CPU.ActiveCfg = Release|Any CPU
		{22F5C48E-429C-4D7F-9A28-FEB1534CD392}.Release|Any CPU.Build.0 = Release|Any CPU
		{25D99482-60E9-4EC2-92B0-403B24AAEB01}.Debug|Any CPU.ActiveCfg = Debug|Any CPU
		{25D99482-60E9-4EC2-92B0-403B24AAEB01}.Debug|Any CPU.Build.0 = Debug|Any CPU
		{25D99482-60E9-4EC2-92B0-403B24AAEB01}.Release|Any CPU.ActiveCfg = Release|Any CPU
		{25D99482-60E9-4EC2-92B0-403B24AAEB01}.Release|Any CPU.Build.0 = Release|Any CPU
		{AD6409E3-005C-41E0-B193-818CD52D8E01}.Debug|Any CPU.ActiveCfg = Debug|Any CPU
		{AD6409E3-005C-41E0-B193-818CD52D8E01}.Debug|Any CPU.Build.0 = Debug|Any CPU
		{AD6409E3-005C-41E0-B193-818CD52D8E01}.Release|Any CPU.ActiveCfg = Release|Any CPU
		{AD6409E3-005C-41E0-B193-818CD52D8E01}.Release|Any CPU.Build.0 = Release|Any CPU
	EndGlobalSection
	GlobalSection(SolutionProperties) = preSolution
		HideSolutionNode = FALSE
	EndGlobalSection
	GlobalSection(NestedProjects) = preSolution
		{B97B4793-A17B-489E-8913-CF9D50214F4C} = {02EA681E-C7D8-13C7-8484-4AC65E1B71E8}
		{EB14630B-1E4C-4B25-8DE6-06CCB6AF1144} = {02EA681E-C7D8-13C7-8484-4AC65E1B71E8}
		{CB3779C0-07C2-4569-968B-1CBCCC27F112} = {02EA681E-C7D8-13C7-8484-4AC65E1B71E8}
		{9801B8AA-D6FF-412F-A182-DCFCBAD03E44} = {BD197CC9-5400-429A-8F8D-30427C9BA62C}
		{89DA48E8-C8E9-40F4-8A29-30272049C5F6} = {BD197CC9-5400-429A-8F8D-30427C9BA62C}
		{8F37963F-D3B9-441F-BA7F-6E1F3C40FAFA} = {BD197CC9-5400-429A-8F8D-30427C9BA62C}
		{8471AE18-8F8A-442B-9768-65D1208775EE} = {6933F64F-9E4E-4497-BF24-AEA9D69FD62F}
		{1DAB5E1A-1281-4F7F-A903-146788A24302} = {6933F64F-9E4E-4497-BF24-AEA9D69FD62F}
		{4E756FF8-9C94-4999-9847-81310EECBBA6} = {6933F64F-9E4E-4497-BF24-AEA9D69FD62F}
		{22F5C48E-429C-4D7F-9A28-FEB1534CD392} = {879C133D-AE09-40EB-ABCF-2A8A666A3D30}
		{25D99482-60E9-4EC2-92B0-403B24AAEB01} = {879C133D-AE09-40EB-ABCF-2A8A666A3D30}
		{AD6409E3-005C-41E0-B193-818CD52D8E01} = {879C133D-AE09-40EB-ABCF-2A8A666A3D30}
	EndGlobalSection
	GlobalSection(ExtensibilityGlobals) = postSolution
		SolutionGuid = {EEC93236-5505-4BC3-A1B4-F9AEFDE6DF6C}
	EndGlobalSection
EndGlobal
